
Microsoft Visual Studio Solution File, Format Version 12.00
Project("{FAE04EC0-301F-11D3-BF4B-00C04F79EFBC}") = "LedCube", "src\LedCube\LedCube.csproj", "{F5BB3B87-2A19-474B-8745-AF63DD891847}"
EndProject
Project("{2150E333-8FDC-42A3-9474-1A3956D46DE8}") = "src", "src", "{485A5AD8-82A7-44CD-A7D3-10556833B319}"
EndProject
Project("{FAE04EC0-301F-11D3-BF4B-00C04F79EFBC}") = "DoomSharp.Core", "src\doom-sharp\src\DoomSharp.Core\DoomSharp.Core.csproj", "{47B5A8FB-48F2-434C-8485-54AD2656667F}"
EndProject
Project("{FAE04EC0-301F-11D3-BF4B-00C04F79EFBC}") = "RPiRgbLEDMatrix", "src\rpi-rgb-led-matrix\bindings\c#\RPiRgbLEDMatrix.csproj", "{635EB37B-0B77-4DE7-90BD-2C2EDC440B82}"
EndProject
Project("{FAE04EC0-301F-11D3-BF4B-00C04F79EFBC}") = "Demo", "Demo\Demo.csproj", "{BA919CFC-F9A2-47BF-95C3-C3BB081AF83D}"
EndProject
Global
	GlobalSection(SolutionConfigurationPlatforms) = preSolution
		Debug|Any CPU = Debug|Any CPU
		Release|Any CPU = Release|Any CPU
	EndGlobalSection
	GlobalSection(ProjectConfigurationPlatforms) = postSolution
		{F5BB3B87-2A19-474B-8745-AF63DD891847}.Debug|Any CPU.ActiveCfg = Debug|Any CPU
		{F5BB3B87-2A19-474B-8745-AF63DD891847}.Debug|Any CPU.Build.0 = Debug|Any CPU
		{F5BB3B87-2A19-474B-8745-AF63DD891847}.Release|Any CPU.ActiveCfg = Release|Any CPU
		{F5BB3B87-2A19-474B-8745-AF63DD891847}.Release|Any CPU.Build.0 = Release|Any CPU
		{47B5A8FB-48F2-434C-8485-54AD2656667F}.Debug|Any CPU.ActiveCfg = Debug|Any CPU
		{47B5A8FB-48F2-434C-8485-54AD2656667F}.Debug|Any CPU.Build.0 = Debug|Any CPU
		{47B5A8FB-48F2-434C-8485-54AD2656667F}.Release|Any CPU.ActiveCfg = Release|Any CPU
		{47B5A8FB-48F2-434C-8485-54AD2656667F}.Release|Any CPU.Build.0 = Release|Any CPU
		{635EB37B-0B77-4DE7-90BD-2C2EDC440B82}.Debug|Any CPU.ActiveCfg = Debug|Any CPU
		{635EB37B-0B77-4DE7-90BD-2C2EDC440B82}.Debug|Any CPU.Build.0 = Debug|Any CPU
		{635EB37B-0B77-4DE7-90BD-2C2EDC440B82}.Release|Any CPU.ActiveCfg = Release|Any CPU
		{635EB37B-0B77-4DE7-90BD-2C2EDC440B82}.Release|Any CPU.Build.0 = Release|Any CPU
		{BA919CFC-F9A2-47BF-95C3-C3BB081AF83D}.Debug|Any CPU.ActiveCfg = Debug|Any CPU
		{BA919CFC-F9A2-47BF-95C3-C3BB081AF83D}.Debug|Any CPU.Build.0 = Debug|Any CPU
		{BA919CFC-F9A2-47BF-95C3-C3BB081AF83D}.Release|Any CPU.ActiveCfg = Release|Any CPU
		{BA919CFC-F9A2-47BF-95C3-C3BB081AF83D}.Release|Any CPU.Build.0 = Release|Any CPU
	EndGlobalSection
	GlobalSection(NestedProjects) = preSolution
		{F5BB3B87-2A19-474B-8745-AF63DD891847} = {485A5AD8-82A7-44CD-A7D3-10556833B319}
		{47B5A8FB-48F2-434C-8485-54AD2656667F} = {485A5AD8-82A7-44CD-A7D3-10556833B319}
		{635EB37B-0B77-4DE7-90BD-2C2EDC440B82} = {485A5AD8-82A7-44CD-A7D3-10556833B319}
		{BA919CFC-F9A2-47BF-95C3-C3BB081AF83D} = {485A5AD8-82A7-44CD-A7D3-10556833B319}
	EndGlobalSection
EndGlobal
